
Microsoft Visual Studio Solution File, Format Version 12.00
# Visual Studio Version 17
VisualStudioVersion = 17.10.35013.160
MinimumVisualStudioVersion = 10.0.40219.1
Project("{FAE04EC0-301F-11D3-BF4B-00C04F79EFBC}") = "DoseGridDataGen", "DoseGridDataGen.csproj", "{C22A5194-D8CA-4E57-BE83-262655A2FA4D}"
EndProject
Global
	GlobalSection(SolutionConfigurationPlatforms) = preSolution
		Debug|x64 = Debug|x64
		Release|x64 = Release|x64
	EndGlobalSection
	GlobalSection(ProjectConfigurationPlatforms) = postSolution
		{C22A5194-D8CA-4E57-BE83-262655A2FA4D}.Debug|x64.ActiveCfg = Debug|x64
		{C22A5194-D8CA-4E57-BE83-262655A2FA4D}.Debug|x64.Build.0 = Debug|x64
		{C22A5194-D8CA-4E57-BE83-262655A2FA4D}.Release|x64.ActiveCfg = Release|x64
		{C22A5194-D8CA-4E57-BE83-262655A2FA4D}.Release|x64.Build.0 = Release|x64
	EndGlobalSection
	GlobalSection(SolutionProperties) = preSolution
		HideSolutionNode = FALSE
	EndGlobalSection
	GlobalSection(ExtensibilityGlobals) = postSolution
		SolutionGuid = {5FDB1BF6-C2B3-46F5-97A1-E36D693FE4D1}
	EndGlobalSection
EndGlobal
